{
  "name": "photon-gui",
  "version": "1.0.0",
  "lockfileVersion": 1,
  "requires": true,
  "dependencies": {
    "photon-editor": {
      "version": "1.0.1",
      "resolved": "https://registry.npmjs.org/photon-editor/-/photon-editor-1.0.1.tgz",
      "integrity": "sha512-I0EDbnAuf5qPF9zupHsNzuNYulcVRjYH33jT26b8saNxoyp0rH9dDYAslJuIih1YukifyE1Mir/q6lBFNj/nLg==",
      "requires": {
        "three": "^0.123.0"
      }
    },
    "three": {
      "version": "0.123.0",
      "resolved": "https://registry.npmjs.org/three/-/three-0.123.0.tgz",
      "integrity": "sha512-KNnx/IbilvoHRkxOtL0ouozoDoElyuvAXhFB21RK7F5IPWSmqyFelICK6x3hJerLNSlAdHxR0hkuvMMhH9pqXg=="
    }
  }
}
